// !$*UTF8*$!
{
	archiveVersion = 1;
	classes = {
	};
	objectVersion = 46;
	objects = {

/* Begin PBXBuildFile section */
		845A5DE71D76BC4700C6F7C2 /* AppDelegate.swift in Sources */ = {isa = PBXBuildFile; fileRef = 845A5DE61D76BC4700C6F7C2 /* AppDelegate.swift */; };
		845A5DE91D76BC4700C6F7C2 /* ViewController.swift in Sources */ = {isa = PBXBuildFile; fileRef = 845A5DE81D76BC4700C6F7C2 /* ViewController.swift */; };
		845A5DEC1D76BC4700C6F7C2 /* Main.storyboard in Resources */ = {isa = PBXBuildFile; fileRef = 845A5DEA1D76BC4700C6F7C2 /* Main.storyboard */; };
		845A5DEE1D76BC4700C6F7C2 /* Assets.xcassets in Resources */ = {isa = PBXBuildFile; fileRef = 845A5DED1D76BC4700C6F7C2 /* Assets.xcassets */; };
		845A5DF11D76BC4700C6F7C2 /* LaunchScreen.storyboard in Resources */ = {isa = PBXBuildFile; fileRef = 845A5DEF1D76BC4700C6F7C2 /* LaunchScreen.storyboard */; };
		845A5DFC1D76BC4700C6F7C2 /* A2SLayoutP1Tests.swift in Sources */ = {isa = PBXBuildFile; fileRef = 845A5DFB1D76BC4700C6F7C2 /* A2SLayoutP1Tests.swift */; };
		845A5E071D76BC4800C6F7C2 /* A2SLayoutP1UITests.swift in Sources */ = {isa = PBXBuildFile; fileRef = 845A5E061D76BC4800C6F7C2 /* A2SLayoutP1UITests.swift */; };
		845A5E161D76BCC900C6F7C2 /* Page1StartViewController.swift in Sources */ = {isa = PBXBuildFile; fileRef = 845A5E151D76BCC900C6F7C2 /* Page1StartViewController.swift */; };
		845A5E191D76BE1D00C6F7C2 /* Page1StartCell0TableViewCell.swift in Sources */ = {isa = PBXBuildFile; fileRef = 845A5E181D76BE1D00C6F7C2 /* Page1StartCell0TableViewCell.swift */; };
		845A5E1B1D76BFC700C6F7C2 /* Page1DetailViewController.swift in Sources */ = {isa = PBXBuildFile; fileRef = 845A5E1A1D76BFC700C6F7C2 /* Page1DetailViewController.swift */; };
		845A5E1E1D76C1A800C6F7C2 /* Page1DetailCell0TableViewCell.swift in Sources */ = {isa = PBXBuildFile; fileRef = 845A5E1D1D76C1A800C6F7C2 /* Page1DetailCell0TableViewCell.swift */; };
		845A5E211D76C1C300C6F7C2 /* Page1DetailCell1TableViewCell.swift in Sources */ = {isa = PBXBuildFile; fileRef = 845A5E201D76C1C300C6F7C2 /* Page1DetailCell1TableViewCell.swift */; };
		845A5E271D76C41F00C6F7C2 /* Page1OptionViewController.swift in Sources */ = {isa = PBXBuildFile; fileRef = 845A5E261D76C41F00C6F7C2 /* Page1OptionViewController.swift */; };
		845A5E291D76CBBC00C6F7C2 /* Page1OptionCell0TableViewCell.swift in Sources */ = {isa = PBXBuildFile; fileRef = 845A5E281D76CBBC00C6F7C2 /* Page1OptionCell0TableViewCell.swift */; };
		845A5E2C1D76CBD300C6F7C2 /* Page1OptionCell1TableViewCell.swift in Sources */ = {isa = PBXBuildFile; fileRef = 845A5E2B1D76CBD300C6F7C2 /* Page1OptionCell1TableViewCell.swift */; };
		845A5E2F1D76D41500C6F7C2 /* Page1OptionSelect1ViewController.swift in Sources */ = {isa = PBXBuildFile; fileRef = 845A5E2E1D76D41500C6F7C2 /* Page1OptionSelect1ViewController.swift */; };
		845A5E311D76D41A00C6F7C2 /* Page1OptionSelect2ViewController.swift in Sources */ = {isa = PBXBuildFile; fileRef = 845A5E301D76D41A00C6F7C2 /* Page1OptionSelect2ViewController.swift */; };
		845A5E331D76D42000C6F7C2 /* Page1OptionSelect3ViewController.swift in Sources */ = {isa = PBXBuildFile; fileRef = 845A5E321D76D42000C6F7C2 /* Page1OptionSelect3ViewController.swift */; };
		845A5E351D76D42600C6F7C2 /* Page1OptionSelect4ViewController.swift in Sources */ = {isa = PBXBuildFile; fileRef = 845A5E341D76D42600C6F7C2 /* Page1OptionSelect4ViewController.swift */; };
		845A5E371D76D42C00C6F7C2 /* Page1OptionSelect5ViewController.swift in Sources */ = {isa = PBXBuildFile; fileRef = 845A5E361D76D42C00C6F7C2 /* Page1OptionSelect5ViewController.swift */; };
		845A5E391D76DCD300C6F7C2 /* Page1ProductAllViewController.swift in Sources */ = {isa = PBXBuildFile; fileRef = 845A5E381D76DCD300C6F7C2 /* Page1ProductAllViewController.swift */; };
		845A5E3C1D76DEF900C6F7C2 /* Page1FilterViewController.swift in Sources */ = {isa = PBXBuildFile; fileRef = 845A5E3B1D76DEF900C6F7C2 /* Page1FilterViewController.swift */; };
		845A5E3F1D76E2AB00C6F7C2 /* Page1SortViewController.swift in Sources */ = {isa = PBXBuildFile; fileRef = 845A5E3E1D76E2AB00C6F7C2 /* Page1SortViewController.swift */; };
		845A5E411D76E2B800C6F7C2 /* Page1CategoryViewController.swift in Sources */ = {isa = PBXBuildFile; fileRef = 845A5E401D76E2B800C6F7C2 /* Page1CategoryViewController.swift */; };
		845A5E431D76E2C100C6F7C2 /* Page1SubCategoryViewController.swift in Sources */ = {isa = PBXBuildFile; fileRef = 845A5E421D76E2C100C6F7C2 /* Page1SubCategoryViewController.swift */; };
		845A5E451D76E2CA00C6F7C2 /* Page1RatingViewController.swift in Sources */ = {isa = PBXBuildFile; fileRef = 845A5E441D76E2CA00C6F7C2 /* Page1RatingViewController.swift */; };
/* End PBXBuildFile section */

/* Begin PBXContainerItemProxy section */
		845A5DF81D76BC4700C6F7C2 /* PBXContainerItemProxy */ = {
			isa = PBXContainerItemProxy;
			containerPortal = 845A5DDB1D76BC4700C6F7C2 /* Project object */;
			proxyType = 1;
			remoteGlobalIDString = 845A5DE21D76BC4700C6F7C2;
			remoteInfo = A2SLayoutP1;
		};
		845A5E031D76BC4800C6F7C2 /* PBXContainerItemProxy */ = {
			isa = PBXContainerItemProxy;
			containerPortal = 845A5DDB1D76BC4700C6F7C2 /* Project object */;
			proxyType = 1;
			remoteGlobalIDString = 845A5DE21D76BC4700C6F7C2;
			remoteInfo = A2SLayoutP1;
		};
/* End PBXContainerItemProxy section */

/* Begin PBXFileReference section */
		845A5DE31D76BC4700C6F7C2 /* A2SLayoutP1.app */ = {isa = PBXFileReference; explicitFileType = wrapper.application; includeInIndex = 0; path = A2SLayoutP1.app; sourceTree = BUILT_PRODUCTS_DIR; };
		845A5DE61D76BC4700C6F7C2 /* AppDelegate.swift */ = {isa = PBXFileReference; lastKnownFileType = sourcecode.swift; path = AppDelegate.swift; sourceTree = "<group>"; };
		845A5DE81D76BC4700C6F7C2 /* ViewController.swift */ = {isa = PBXFileReference; lastKnownFileType = sourcecode.swift; path = ViewController.swift; sourceTree = "<group>"; };
		845A5DEB1D76BC4700C6F7C2 /* Base */ = {isa = PBXFileReference; lastKnownFileType = file.storyboard; name = Base; path = Base.lproj/Main.storyboard; sourceTree = "<group>"; };
		845A5DED1D76BC4700C6F7C2 /* Assets.xcassets */ = {isa = PBXFileReference; lastKnownFileType = folder.assetcatalog; path = Assets.xcassets; sourceTree = "<group>"; };
		845A5DF01D76BC4700C6F7C2 /* Base */ = {isa = PBXFileReference; lastKnownFileType = file.storyboard; name = Base; path = Base.lproj/LaunchScreen.storyboard; sourceTree = "<group>"; };
		845A5DF21D76BC4700C6F7C2 /* Info.plist */ = {isa = PBXFileReference; lastKnownFileType = text.plist.xml; path = Info.plist; sourceTree = "<group>"; };
		845A5DF71D76BC4700C6F7C2 /* A2SLayoutP1Tests.xctest */ = {isa = PBXFileReference; explicitFileType = wrapper.cfbundle; includeInIndex = 0; path = A2SLayoutP1Tests.xctest; sourceTree = BUILT_PRODUCTS_DIR; };
		845A5DFB1D76BC4700C6F7C2 /* A2SLayoutP1Tests.swift */ = {isa = PBXFileReference; lastKnownFileType = sourcecode.swift; path = A2SLayoutP1Tests.swift; sourceTree = "<group>"; };
		845A5DFD1D76BC4800C6F7C2 /* Info.plist */ = {isa = PBXFileReference; lastKnownFileType = text.plist.xml; path = Info.plist; sourceTree = "<group>"; };
		845A5E021D76BC4800C6F7C2 /* A2SLayoutP1UITests.xctest */ = {isa = PBXFileReference; explicitFileType = wrapper.cfbundle; includeInIndex = 0; path = A2SLayoutP1UITests.xctest; sourceTree = BUILT_PRODUCTS_DIR; };
		845A5E061D76BC4800C6F7C2 /* A2SLayoutP1UITests.swift */ = {isa = PBXFileReference; lastKnownFileType = sourcecode.swift; path = A2SLayoutP1UITests.swift; sourceTree = "<group>"; };
		845A5E081D76BC4800C6F7C2 /* Info.plist */ = {isa = PBXFileReference; lastKnownFileType = text.plist.xml; path = Info.plist; sourceTree = "<group>"; };
		845A5E151D76BCC900C6F7C2 /* Page1StartViewController.swift */ = {isa = PBXFileReference; fileEncoding = 4; lastKnownFileType = sourcecode.swift; name = Page1StartViewController.swift; path = Page1/Page1StartViewController.swift; sourceTree = "<group>"; };
		845A5E181D76BE1D00C6F7C2 /* Page1StartCell0TableViewCell.swift */ = {isa = PBXFileReference; fileEncoding = 4; lastKnownFileType = sourcecode.swift; path = Page1StartCell0TableViewCell.swift; sourceTree = "<group>"; };
		845A5E1A1D76BFC700C6F7C2 /* Page1DetailViewController.swift */ = {isa = PBXFileReference; fileEncoding = 4; lastKnownFileType = sourcecode.swift; path = Page1DetailViewController.swift; sourceTree = "<group>"; };
		845A5E1D1D76C1A800C6F7C2 /* Page1DetailCell0TableViewCell.swift */ = {isa = PBXFileReference; fileEncoding = 4; lastKnownFileType = sourcecode.swift; path = Page1DetailCell0TableViewCell.swift; sourceTree = "<group>"; };
		845A5E201D76C1C300C6F7C2 /* Page1DetailCell1TableViewCell.swift */ = {isa = PBXFileReference; fileEncoding = 4; lastKnownFileType = sourcecode.swift; path = Page1DetailCell1TableViewCell.swift; sourceTree = "<group>"; };
		845A5E261D76C41F00C6F7C2 /* Page1OptionViewController.swift */ = {isa = PBXFileReference; fileEncoding = 4; lastKnownFileType = sourcecode.swift; path = Page1OptionViewController.swift; sourceTree = "<group>"; };
		845A5E281D76CBBC00C6F7C2 /* Page1OptionCell0TableViewCell.swift */ = {isa = PBXFileReference; fileEncoding = 4; lastKnownFileType = sourcecode.swift; path = Page1OptionCell0TableViewCell.swift; sourceTree = "<group>"; };
		845A5E2B1D76CBD300C6F7C2 /* Page1OptionCell1TableViewCell.swift */ = {isa = PBXFileReference; fileEncoding = 4; lastKnownFileType = sourcecode.swift; path = Page1OptionCell1TableViewCell.swift; sourceTree = "<group>"; };
		845A5E2E1D76D41500C6F7C2 /* Page1OptionSelect1ViewController.swift */ = {isa = PBXFileReference; fileEncoding = 4; lastKnownFileType = sourcecode.swift; path = Page1OptionSelect1ViewController.swift; sourceTree = "<group>"; };
		845A5E301D76D41A00C6F7C2 /* Page1OptionSelect2ViewController.swift */ = {isa = PBXFileReference; fileEncoding = 4; lastKnownFileType = sourcecode.swift; path = Page1OptionSelect2ViewController.swift; sourceTree = "<group>"; };
		845A5E321D76D42000C6F7C2 /* Page1OptionSelect3ViewController.swift */ = {isa = PBXFileReference; fileEncoding = 4; lastKnownFileType = sourcecode.swift; path = Page1OptionSelect3ViewController.swift; sourceTree = "<group>"; };
		845A5E341D76D42600C6F7C2 /* Page1OptionSelect4ViewController.swift */ = {isa = PBXFileReference; fileEncoding = 4; lastKnownFileType = sourcecode.swift; path = Page1OptionSelect4ViewController.swift; sourceTree = "<group>"; };
		845A5E361D76D42C00C6F7C2 /* Page1OptionSelect5ViewController.swift */ = {isa = PBXFileReference; fileEncoding = 4; lastKnownFileType = sourcecode.swift; path = Page1OptionSelect5ViewController.swift; sourceTree = "<group>"; };
		845A5E381D76DCD300C6F7C2 /* Page1ProductAllViewController.swift */ = {isa = PBXFileReference; fileEncoding = 4; lastKnownFileType = sourcecode.swift; path = Page1ProductAllViewController.swift; sourceTree = "<group>"; };
		845A5E3B1D76DEF900C6F7C2 /* Page1FilterViewController.swift */ = {isa = PBXFileReference; fileEncoding = 4; lastKnownFileType = sourcecode.swift; path = Page1FilterViewController.swift; sourceTree = "<group>"; };
		845A5E3E1D76E2AB00C6F7C2 /* Page1SortViewController.swift */ = {isa = PBXFileReference; fileEncoding = 4; lastKnownFileType = sourcecode.swift; path = Page1SortViewController.swift; sourceTree = "<group>"; };
		845A5E401D76E2B800C6F7C2 /* Page1CategoryViewController.swift */ = {isa = PBXFileReference; fileEncoding = 4; lastKnownFileType = sourcecode.swift; path = Page1CategoryViewController.swift; sourceTree = "<group>"; };
		845A5E421D76E2C100C6F7C2 /* Page1SubCategoryViewController.swift */ = {isa = PBXFileReference; fileEncoding = 4; lastKnownFileType = sourcecode.swift; path = Page1SubCategoryViewController.swift; sourceTree = "<group>"; };
		845A5E441D76E2CA00C6F7C2 /* Page1RatingViewController.swift */ = {isa = PBXFileReference; fileEncoding = 4; lastKnownFileType = sourcecode.swift; path = Page1RatingViewController.swift; sourceTree = "<group>"; };
/* End PBXFileReference section */

/* Begin PBXFrameworksBuildPhase section */
		845A5DE01D76BC4700C6F7C2 /* Frameworks */ = {
			isa = PBXFrameworksBuildPhase;
			buildActionMask = 2147483647;
			files = (
			);
			runOnlyForDeploymentPostprocessing = 0;
		};
		845A5DF41D76BC4700C6F7C2 /* Frameworks */ = {
			isa = PBXFrameworksBuildPhase;
			buildActionMask = 2147483647;
			files = (
			);
			runOnlyForDeploymentPostprocessing = 0;
		};
		845A5DFF1D76BC4800C6F7C2 /* Frameworks */ = {
			isa = PBXFrameworksBuildPhase;
			buildActionMask = 2147483647;
			files = (
			);
			runOnlyForDeploymentPostprocessing = 0;
		};
/* End PBXFrameworksBuildPhase section */

/* Begin PBXGroup section */
		845A5DDA1D76BC4700C6F7C2 = {
			isa = PBXGroup;
			children = (
				845A5DE51D76BC4700C6F7C2 /* A2SLayoutP1 */,
				845A5DFA1D76BC4700C6F7C2 /* A2SLayoutP1Tests */,
				845A5E051D76BC4800C6F7C2 /* A2SLayoutP1UITests */,
				845A5DE41D76BC4700C6F7C2 /* Products */,
			);
			sourceTree = "<group>";
		};
		845A5DE41D76BC4700C6F7C2 /* Products */ = {
			isa = PBXGroup;
			children = (
				845A5DE31D76BC4700C6F7C2 /* A2SLayoutP1.app */,
				845A5DF71D76BC4700C6F7C2 /* A2SLayoutP1Tests.xctest */,
				845A5E021D76BC4800C6F7C2 /* A2SLayoutP1UITests.xctest */,
			);
			name = Products;
			sourceTree = "<group>";
		};
		845A5DE51D76BC4700C6F7C2 /* A2SLayoutP1 */ = {
			isa = PBXGroup;
			children = (
				845A5DE61D76BC4700C6F7C2 /* AppDelegate.swift */,
				845A5DE81D76BC4700C6F7C2 /* ViewController.swift */,
				845A5E141D76BC9E00C6F7C2 /* Page1 */,
				845A5DEA1D76BC4700C6F7C2 /* Main.storyboard */,
				845A5DED1D76BC4700C6F7C2 /* Assets.xcassets */,
				845A5DEF1D76BC4700C6F7C2 /* LaunchScreen.storyboard */,
				845A5DF21D76BC4700C6F7C2 /* Info.plist */,
			);
			path = A2SLayoutP1;
			sourceTree = "<group>";
		};
		845A5DFA1D76BC4700C6F7C2 /* A2SLayoutP1Tests */ = {
			isa = PBXGroup;
			children = (
				845A5DFB1D76BC4700C6F7C2 /* A2SLayoutP1Tests.swift */,
				845A5DFD1D76BC4800C6F7C2 /* Info.plist */,
			);
			path = A2SLayoutP1Tests;
			sourceTree = "<group>";
		};
		845A5E051D76BC4800C6F7C2 /* A2SLayoutP1UITests */ = {
			isa = PBXGroup;
			children = (
				845A5E061D76BC4800C6F7C2 /* A2SLayoutP1UITests.swift */,
				845A5E081D76BC4800C6F7C2 /* Info.plist */,
			);
			path = A2SLayoutP1UITests;
			sourceTree = "<group>";
		};
		845A5E141D76BC9E00C6F7C2 /* Page1 */ = {
			isa = PBXGroup;
			children = (
				845A5E171D76BDD500C6F7C2 /* PageStart */,
				845A5E1C1D76BFD800C6F7C2 /* PageDetail */,
				845A5E251D76C3FA00C6F7C2 /* PageOption */,
				845A5E3A1D76DCD700C6F7C2 /* PageProductAll */,
				845A5E3D1D76DF2000C6F7C2 /* PageFilter */,
			);
			name = Page1;
			sourceTree = "<group>";
		};
		845A5E171D76BDD500C6F7C2 /* PageStart */ = {
			isa = PBXGroup;
			children = (
				845A5E151D76BCC900C6F7C2 /* Page1StartViewController.swift */,
				845A5E181D76BE1D00C6F7C2 /* Page1StartCell0TableViewCell.swift */,
			);
			name = PageStart;
			sourceTree = "<group>";
		};
		845A5E1C1D76BFD800C6F7C2 /* PageDetail */ = {
			isa = PBXGroup;
			children = (
				845A5E1A1D76BFC700C6F7C2 /* Page1DetailViewController.swift */,
				845A5E221D76C1C600C6F7C2 /* Cell1 */,
				845A5E1F1D76C1AE00C6F7C2 /* Cell0 */,
			);
			name = PageDetail;
			sourceTree = "<group>";
		};
		845A5E1F1D76C1AE00C6F7C2 /* Cell0 */ = {
			isa = PBXGroup;
			children = (
				845A5E1D1D76C1A800C6F7C2 /* Page1DetailCell0TableViewCell.swift */,
			);
			name = Cell0;
			sourceTree = "<group>";
		};
		845A5E221D76C1C600C6F7C2 /* Cell1 */ = {
			isa = PBXGroup;
			children = (
				845A5E201D76C1C300C6F7C2 /* Page1DetailCell1TableViewCell.swift */,
			);
			name = Cell1;
			sourceTree = "<group>";
		};
		845A5E251D76C3FA00C6F7C2 /* PageOption */ = {
			isa = PBXGroup;
			children = (
				845A5E261D76C41F00C6F7C2 /* Page1OptionViewController.swift */,
				845A5E2D1D76CBD700C6F7C2 /* Section1 */,
				845A5E2A1D76CBC200C6F7C2 /* Section0 */,
				845A5E2E1D76D41500C6F7C2 /* Page1OptionSelect1ViewController.swift */,
				845A5E301D76D41A00C6F7C2 /* Page1OptionSelect2ViewController.swift */,
				845A5E321D76D42000C6F7C2 /* Page1OptionSelect3ViewController.swift */,
				845A5E341D76D42600C6F7C2 /* Page1OptionSelect4ViewController.swift */,
				845A5E361D76D42C00C6F7C2 /* Page1OptionSelect5ViewController.swift */,
			);
			name = PageOption;
			sourceTree = "<group>";
		};
		845A5E2A1D76CBC200C6F7C2 /* Section0 */ = {
			isa = PBXGroup;
			children = (
				845A5E281D76CBBC00C6F7C2 /* Page1OptionCell0TableViewCell.swift */,
			);
			name = Section0;
			sourceTree = "<group>";
		};
		845A5E2D1D76CBD700C6F7C2 /* Section1 */ = {
			isa = PBXGroup;
			children = (
				845A5E2B1D76CBD300C6F7C2 /* Page1OptionCell1TableViewCell.swift */,
			);
			name = Section1;
			sourceTree = "<group>";
		};
		845A5E3A1D76DCD700C6F7C2 /* PageProductAll */ = {
			isa = PBXGroup;
			children = (
				845A5E381D76DCD300C6F7C2 /* Page1ProductAllViewController.swift */,
			);
			name = PageProductAll;
			sourceTree = "<group>";
		};
		845A5E3D1D76DF2000C6F7C2 /* PageFilter */ = {
			isa = PBXGroup;
			children = (
				845A5E3B1D76DEF900C6F7C2 /* Page1FilterViewController.swift */,
				845A5E3E1D76E2AB00C6F7C2 /* Page1SortViewController.swift */,
				845A5E401D76E2B800C6F7C2 /* Page1CategoryViewController.swift */,
				845A5E421D76E2C100C6F7C2 /* Page1SubCategoryViewController.swift */,
				845A5E441D76E2CA00C6F7C2 /* Page1RatingViewController.swift */,
			);
			name = PageFilter;
			sourceTree = "<group>";
		};
/* End PBXGroup section */

/* Begin PBXNativeTarget section */
		845A5DE21D76BC4700C6F7C2 /* A2SLayoutP1 */ = {
			isa = PBXNativeTarget;
			buildConfigurationList = 845A5E0B1D76BC4800C6F7C2 /* Build configuration list for PBXNativeTarget "A2SLayoutP1" */;
			buildPhases = (
				845A5DDF1D76BC4700C6F7C2 /* Sources */,
				845A5DE01D76BC4700C6F7C2 /* Frameworks */,
				845A5DE11D76BC4700C6F7C2 /* Resources */,
			);
			buildRules = (
			);
			dependencies = (
			);
			name = A2SLayoutP1;
			productName = A2SLayoutP1;
			productReference = 845A5DE31D76BC4700C6F7C2 /* A2SLayoutP1.app */;
			productType = "com.apple.product-type.application";
		};
		845A5DF61D76BC4700C6F7C2 /* A2SLayoutP1Tests */ = {
			isa = PBXNativeTarget;
			buildConfigurationList = 845A5E0E1D76BC4800C6F7C2 /* Build configuration list for PBXNativeTarget "A2SLayoutP1Tests" */;
			buildPhases = (
				845A5DF31D76BC4700C6F7C2 /* Sources */,
				845A5DF41D76BC4700C6F7C2 /* Frameworks */,
				845A5DF51D76BC4700C6F7C2 /* Resources */,
			);
			buildRules = (
			);
			dependencies = (
				845A5DF91D76BC4700C6F7C2 /* PBXTargetDependency */,
			);
			name = A2SLayoutP1Tests;
			productName = A2SLayoutP1Tests;
			productReference = 845A5DF71D76BC4700C6F7C2 /* A2SLayoutP1Tests.xctest */;
			productType = "com.apple.product-type.bundle.unit-test";
		};
		845A5E011D76BC4800C6F7C2 /* A2SLayoutP1UITests */ = {
			isa = PBXNativeTarget;
			buildConfigurationList = 845A5E111D76BC4800C6F7C2 /* Build configuration list for PBXNativeTarget "A2SLayoutP1UITests" */;
			buildPhases = (
				845A5DFE1D76BC4800C6F7C2 /* Sources */,
				845A5DFF1D76BC4800C6F7C2 /* Frameworks */,
				845A5E001D76BC4800C6F7C2 /* Resources */,
			);
			buildRules = (
			);
			dependencies = (
				845A5E041D76BC4800C6F7C2 /* PBXTargetDependency */,
			);
			name = A2SLayoutP1UITests;
			productName = A2SLayoutP1UITests;
			productReference = 845A5E021D76BC4800C6F7C2 /* A2SLayoutP1UITests.xctest */;
			productType = "com.apple.product-type.bundle.ui-testing";
		};
/* End PBXNativeTarget section */

/* Begin PBXProject section */
		845A5DDB1D76BC4700C6F7C2 /* Project object */ = {
			isa = PBXProject;
			attributes = {
				LastSwiftUpdateCheck = 0730;
				LastUpgradeCheck = 0730;
				ORGANIZATIONNAME = All2Sale;
				TargetAttributes = {
					845A5DE21D76BC4700C6F7C2 = {
						CreatedOnToolsVersion = 7.3.1;
						DevelopmentTeam = Z32K7UXVG2;
					};
					845A5DF61D76BC4700C6F7C2 = {
						CreatedOnToolsVersion = 7.3.1;
						DevelopmentTeam = Z32K7UXVG2;
						TestTargetID = 845A5DE21D76BC4700C6F7C2;
					};
					845A5E011D76BC4800C6F7C2 = {
						CreatedOnToolsVersion = 7.3.1;
						DevelopmentTeam = Z32K7UXVG2;
						TestTargetID = 845A5DE21D76BC4700C6F7C2;
					};
				};
			};
			buildConfigurationList = 845A5DDE1D76BC4700C6F7C2 /* Build configuration list for PBXProject "A2SLayoutP1" */;
			compatibilityVersion = "Xcode 3.2";
			developmentRegion = English;
			hasScannedForEncodings = 0;
			knownRegions = (
				en,
				Base,
			);
			mainGroup = 845A5DDA1D76BC4700C6F7C2;
			productRefGroup = 845A5DE41D76BC4700C6F7C2 /* Products */;
			projectDirPath = "";
			projectRoot = "";
			targets = (
				845A5DE21D76BC4700C6F7C2 /* A2SLayoutP1 */,
				845A5DF61D76BC4700C6F7C2 /* A2SLayoutP1Tests */,
				845A5E011D76BC4800C6F7C2 /* A2SLayoutP1UITests */,
			);
		};
/* End PBXProject section */

/* Begin PBXResourcesBuildPhase section */
		845A5DE11D76BC4700C6F7C2 /* Resources */ = {
			isa = PBXResourcesBuildPhase;
			buildActionMask = 2147483647;
			files = (
				845A5DF11D76BC4700C6F7C2 /* LaunchScreen.storyboard in Resources */,
				845A5DEE1D76BC4700C6F7C2 /* Assets.xcassets in Resources */,
				845A5DEC1D76BC4700C6F7C2 /* Main.storyboard in Resources */,
			);
			runOnlyForDeploymentPostprocessing = 0;
		};
		845A5DF51D76BC4700C6F7C2 /* Resources */ = {
			isa = PBXResourcesBuildPhase;
			buildActionMask = 2147483647;
			files = (
			);
			runOnlyForDeploymentPostprocessing = 0;
		};
		845A5E001D76BC4800C6F7C2 /* Resources */ = {
			isa = PBXResourcesBuildPhase;
			buildActionMask = 2147483647;
			files = (
			);
			runOnlyForDeploymentPostprocessing = 0;
		};
/* End PBXResourcesBuildPhase section */

/* Begin PBXSourcesBuildPhase section */
		845A5DDF1D76BC4700C6F7C2 /* Sources */ = {
			isa = PBXSourcesBuildPhase;
			buildActionMask = 2147483647;
			files = (
				845A5E271D76C41F00C6F7C2 /* Page1OptionViewController.swift in Sources */,
				845A5E311D76D41A00C6F7C2 /* Page1OptionSelect2ViewController.swift in Sources */,
				845A5E2F1D76D41500C6F7C2 /* Page1OptionSelect1ViewController.swift in Sources */,
				845A5E411D76E2B800C6F7C2 /* Page1CategoryViewController.swift in Sources */,
				845A5E431D76E2C100C6F7C2 /* Page1SubCategoryViewController.swift in Sources */,
				845A5E2C1D76CBD300C6F7C2 /* Page1OptionCell1TableViewCell.swift in Sources */,
				845A5E371D76D42C00C6F7C2 /* Page1OptionSelect5ViewController.swift in Sources */,
				845A5E191D76BE1D00C6F7C2 /* Page1StartCell0TableViewCell.swift in Sources */,
				845A5E351D76D42600C6F7C2 /* Page1OptionSelect4ViewController.swift in Sources */,
				845A5E331D76D42000C6F7C2 /* Page1OptionSelect3ViewController.swift in Sources */,
				845A5DE91D76BC4700C6F7C2 /* ViewController.swift in Sources */,
				845A5E1E1D76C1A800C6F7C2 /* Page1DetailCell0TableViewCell.swift in Sources */,
				845A5E451D76E2CA00C6F7C2 /* Page1RatingViewController.swift in Sources */,
				845A5E161D76BCC900C6F7C2 /* Page1StartViewController.swift in Sources */,
				845A5E291D76CBBC00C6F7C2 /* Page1OptionCell0TableViewCell.swift in Sources */,
				845A5E211D76C1C300C6F7C2 /* Page1DetailCell1TableViewCell.swift in Sources */,
				845A5E3F1D76E2AB00C6F7C2 /* Page1SortViewController.swift in Sources */,
				845A5E391D76DCD300C6F7C2 /* Page1ProductAllViewController.swift in Sources */,
				845A5DE71D76BC4700C6F7C2 /* AppDelegate.swift in Sources */,
				845A5E3C1D76DEF900C6F7C2 /* Page1FilterViewController.swift in Sources */,
				845A5E1B1D76BFC700C6F7C2 /* Page1DetailViewController.swift in Sources */,
			);
			runOnlyForDeploymentPostprocessing = 0;
		};
		845A5DF31D76BC4700C6F7C2 /* Sources */ = {
			isa = PBXSourcesBuildPhase;
			buildActionMask = 2147483647;
			files = (
				845A5DFC1D76BC4700C6F7C2 /* A2SLayoutP1Tests.swift in Sources */,
			);
			runOnlyForDeploymentPostprocessing = 0;
		};
		845A5DFE1D76BC4800C6F7C2 /* Sources */ = {
			isa = PBXSourcesBuildPhase;
			buildActionMask = 2147483647;
			files = (
				845A5E071D76BC4800C6F7C2 /* A2SLayoutP1UITests.swift in Sources */,
			);
			runOnlyForDeploymentPostprocessing = 0;
		};
/* End PBXSourcesBuildPhase section */

/* Begin PBXTargetDependency section */
		845A5DF91D76BC4700C6F7C2 /* PBXTargetDependency */ = {
			isa = PBXTargetDependency;
			target = 845A5DE21D76BC4700C6F7C2 /* A2SLayoutP1 */;
			targetProxy = 845A5DF81D76BC4700C6F7C2 /* PBXContainerItemProxy */;
		};
		845A5E041D76BC4800C6F7C2 /* PBXTargetDependency */ = {
			isa = PBXTargetDependency;
			target = 845A5DE21D76BC4700C6F7C2 /* A2SLayoutP1 */;
			targetProxy = 845A5E031D76BC4800C6F7C2 /* PBXContainerItemProxy */;
		};
/* End PBXTargetDependency section */

/* Begin PBXVariantGroup section */
		845A5DEA1D76BC4700C6F7C2 /* Main.storyboard */ = {
			isa = PBXVariantGroup;
			children = (
				845A5DEB1D76BC4700C6F7C2 /* Base */,
			);
			name = Main.storyboard;
			sourceTree = "<group>";
		};
		845A5DEF1D76BC4700C6F7C2 /* LaunchScreen.storyboard */ = {
			isa = PBXVariantGroup;
			children = (
				845A5DF01D76BC4700C6F7C2 /* Base */,
			);
			name = LaunchScreen.storyboard;
			sourceTree = "<group>";
		};
/* End PBXVariantGroup section */

/* Begin XCBuildConfiguration section */
		845A5E091D76BC4800C6F7C2 /* Debug */ = {
			isa = XCBuildConfiguration;
			buildSettings = {
				ALWAYS_SEARCH_USER_PATHS = NO;
				CLANG_ANALYZER_NONNULL = YES;
				CLANG_CXX_LANGUAGE_STANDARD = "gnu++0x";
				CLANG_CXX_LIBRARY = "libc++";
				CLANG_ENABLE_MODULES = YES;
				CLANG_ENABLE_OBJC_ARC = YES;
				CLANG_WARN_BOOL_CONVERSION = YES;
				CLANG_WARN_CONSTANT_CONVERSION = YES;
				CLANG_WARN_DIRECT_OBJC_ISA_USAGE = YES_ERROR;
				CLANG_WARN_EMPTY_BODY = YES;
				CLANG_WARN_ENUM_CONVERSION = YES;
				CLANG_WARN_INT_CONVERSION = YES;
				CLANG_WARN_OBJC_ROOT_CLASS = YES_ERROR;
				CLANG_WARN_UNREACHABLE_CODE = YES;
				CLANG_WARN__DUPLICATE_METHOD_MATCH = YES;
				"CODE_SIGN_IDENTITY[sdk=iphoneos*]" = "iPhone Developer";
				COPY_PHASE_STRIP = NO;
				DEBUG_INFORMATION_FORMAT = dwarf;
				ENABLE_STRICT_OBJC_MSGSEND = YES;
				ENABLE_TESTABILITY = YES;
				GCC_C_LANGUAGE_STANDARD = gnu99;
				GCC_DYNAMIC_NO_PIC = NO;
				GCC_NO_COMMON_BLOCKS = YES;
				GCC_OPTIMIZATION_LEVEL = 0;
				GCC_PREPROCESSOR_DEFINITIONS = (
					"DEBUG=1",
					"$(inherited)",
				);
				GCC_WARN_64_TO_32_BIT_CONVERSION = YES;
				GCC_WARN_ABOUT_RETURN_TYPE = YES_ERROR;
				GCC_WARN_UNDECLARED_SELECTOR = YES;
				GCC_WARN_UNINITIALIZED_AUTOS = YES_AGGRESSIVE;
				GCC_WARN_UNUSED_FUNCTION = YES;
				GCC_WARN_UNUSED_VARIABLE = YES;
				IPHONEOS_DEPLOYMENT_TARGET = 9.3;
				MTL_ENABLE_DEBUG_INFO = YES;
				ONLY_ACTIVE_ARCH = YES;
				SDKROOT = iphoneos;
				SWIFT_OPTIMIZATION_LEVEL = "-Onone";
			};
			name = Debug;
		};
		845A5E0A1D76BC4800C6F7C2 /* Release */ = {
			isa = XCBuildConfiguration;
			buildSettings = {
				ALWAYS_SEARCH_USER_PATHS = NO;
				CLANG_ANALYZER_NONNULL = YES;
				CLANG_CXX_LANGUAGE_STANDARD = "gnu++0x";
				CLANG_CXX_LIBRARY = "libc++";
				CLANG_ENABLE_MODULES = YES;
				CLANG_ENABLE_OBJC_ARC = YES;
				CLANG_WARN_BOOL_CONVERSION = YES;
				CLANG_WARN_CONSTANT_CONVERSION = YES;
				CLANG_WARN_DIRECT_OBJC_ISA_USAGE = YES_ERROR;
				CLANG_WARN_EMPTY_BODY = YES;
				CLANG_WARN_ENUM_CONVERSION = YES;
				CLANG_WARN_INT_CONVERSION = YES;
				CLANG_WARN_OBJC_ROOT_CLASS = YES_ERROR;
				CLANG_WARN_UNREACHABLE_CODE = YES;
				CLANG_WARN__DUPLICATE_METHOD_MATCH = YES;
				"CODE_SIGN_IDENTITY[sdk=iphoneos*]" = "iPhone Developer";
				COPY_PHASE_STRIP = NO;
				DEBUG_INFORMATION_FORMAT = "dwarf-with-dsym";
				ENABLE_NS_ASSERTIONS = NO;
				ENABLE_STRICT_OBJC_MSGSEND = YES;
				GCC_C_LANGUAGE_STANDARD = gnu99;
				GCC_NO_COMMON_BLOCKS = YES;
				GCC_WARN_64_TO_32_BIT_CONVERSION = YES;
				GCC_WARN_ABOUT_RETURN_TYPE = YES_ERROR;
				GCC_WARN_UNDECLARED_SELECTOR = YES;
				GCC_WARN_UNINITIALIZED_AUTOS = YES_AGGRESSIVE;
				GCC_WARN_UNUSED_FUNCTION = YES;
				GCC_WARN_UNUSED_VARIABLE = YES;
				IPHONEOS_DEPLOYMENT_TARGET = 9.3;
				MTL_ENABLE_DEBUG_INFO = NO;
				SDKROOT = iphoneos;
				VALIDATE_PRODUCT = YES;
			};
			name = Release;
		};
		845A5E0C1D76BC4800C6F7C2 /* Debug */ = {
			isa = XCBuildConfiguration;
			buildSettings = {
				ASSETCATALOG_COMPILER_APPICON_NAME = AppIcon;
				INFOPLIST_FILE = A2SLayoutP1/Info.plist;
				LD_RUNPATH_SEARCH_PATHS = "$(inherited) @executable_path/Frameworks";
				PRODUCT_BUNDLE_IDENTIFIER = com.all2sale.A2SLayoutP1;
				PRODUCT_NAME = "$(TARGET_NAME)";
			};
			name = Debug;
		};
		845A5E0D1D76BC4800C6F7C2 /* Release */ = {
			isa = XCBuildConfiguration;
			buildSettings = {
				ASSETCATALOG_COMPILER_APPICON_NAME = AppIcon;
				INFOPLIST_FILE = A2SLayoutP1/Info.plist;
				LD_RUNPATH_SEARCH_PATHS = "$(inherited) @executable_path/Frameworks";
				PRODUCT_BUNDLE_IDENTIFIER = com.all2sale.A2SLayoutP1;
				PRODUCT_NAME = "$(TARGET_NAME)";
			};
			name = Release;
		};
		845A5E0F1D76BC4800C6F7C2 /* Debug */ = {
			isa = XCBuildConfiguration;
			buildSettings = {
				BUNDLE_LOADER = "$(TEST_HOST)";
				INFOPLIST_FILE = A2SLayoutP1Tests/Info.plist;
				LD_RUNPATH_SEARCH_PATHS = "$(inherited) @executable_path/Frameworks @loader_path/Frameworks";
				PRODUCT_BUNDLE_IDENTIFIER = com.all2sale.A2SLayoutP1Tests;
				PRODUCT_NAME = "$(TARGET_NAME)";
				TEST_HOST = "$(BUILT_PRODUCTS_DIR)/A2SLayoutP1.app/A2SLayoutP1";
			};
			name = Debug;
		};
		845A5E101D76BC4800C6F7C2 /* Release */ = {
			isa = XCBuildConfiguration;
			buildSettings = {
				BUNDLE_LOADER = "$(TEST_HOST)";
				INFOPLIST_FILE = A2SLayoutP1Tests/Info.plist;
				LD_RUNPATH_SEARCH_PATHS = "$(inherited) @executable_path/Frameworks @loader_path/Frameworks";
				PRODUCT_BUNDLE_IDENTIFIER = com.all2sale.A2SLayoutP1Tests;
				PRODUCT_NAME = "$(TARGET_NAME)";
				TEST_HOST = "$(BUILT_PRODUCTS_DIR)/A2SLayoutP1.app/A2SLayoutP1";
			};
			name = Release;
		};
		845A5E121D76BC4800C6F7C2 /* Debug */ = {
			isa = XCBuildConfiguration;
			buildSettings = {
				INFOPLIST_FILE = A2SLayoutP1UITests/Info.plist;
				LD_RUNPATH_SEARCH_PATHS = "$(inherited) @executable_path/Frameworks @loader_path/Frameworks";
				PRODUCT_BUNDLE_IDENTIFIER = com.all2sale.A2SLayoutP1UITests;
				PRODUCT_NAME = "$(TARGET_NAME)";
				TEST_TARGET_NAME = A2SLayoutP1;
			};
			name = Debug;
		};
		845A5E131D76BC4800C6F7C2 /* Release */ = {
			isa = XCBuildConfiguration;
			buildSettings = {
				INFOPLIST_FILE = A2SLayoutP1UITests/Info.plist;
				LD_RUNPATH_SEARCH_PATHS = "$(inherited) @executable_path/Frameworks @loader_path/Frameworks";
				PRODUCT_BUNDLE_IDENTIFIER = com.all2sale.A2SLayoutP1UITests;
				PRODUCT_NAME = "$(TARGET_NAME)";
				TEST_TARGET_NAME = A2SLayoutP1;
			};
			name = Release;
		};
/* End XCBuildConfiguration section */

/* Begin XCConfigurationList section */
		845A5DDE1D76BC4700C6F7C2 /* Build configuration list for PBXProject "A2SLayoutP1" */ = {
			isa = XCConfigurationList;
			buildConfigurations = (
				845A5E091D76BC4800C6F7C2 /* Debug */,
				845A5E0A1D76BC4800C6F7C2 /* Release */,
			);
			defaultConfigurationIsVisible = 0;
			defaultConfigurationName = Release;
		};
		845A5E0B1D76BC4800C6F7C2 /* Build configuration list for PBXNativeTarget "A2SLayoutP1" */ = {
			isa = XCConfigurationList;
			buildConfigurations = (
				845A5E0C1D76BC4800C6F7C2 /* Debug */,
				845A5E0D1D76BC4800C6F7C2 /* Release */,
			);
			defaultConfigurationIsVisible = 0;
		};
		845A5E0E1D76BC4800C6F7C2 /* Build configuration list for PBXNativeTarget "A2SLayoutP1Tests" */ = {
			isa = XCConfigurationList;
			buildConfigurations = (
				845A5E0F1D76BC4800C6F7C2 /* Debug */,
				845A5E101D76BC4800C6F7C2 /* Release */,
			);
			defaultConfigurationIsVisible = 0;
		};
		845A5E111D76BC4800C6F7C2 /* Build configuration list for PBXNativeTarget "A2SLayoutP1UITests" */ = {
			isa = XCConfigurationList;
			buildConfigurations = (
				845A5E121D76BC4800C6F7C2 /* Debug */,
				845A5E131D76BC4800C6F7C2 /* Release */,
			);
			defaultConfigurationIsVisible = 0;
		};
/* End XCConfigurationList section */
	};
	rootObject = 845A5DDB1D76BC4700C6F7C2 /* Project object */;
}
